{
	"name": "useful-scripts",
	"version": "0.0.0",
	"lockfileVersion": 3,
	"requires": true,
	"packages": {
		"": {
			"name": "useful-scripts",
			"version": "0.0.0",
			"license": "MIT",
			"dependencies": {
				"playwright": "^1.55.1",
				"undici": "^7.16.0"
			},
			"bin": {
				"fold": "src/fold.ts"
			},
			"devDependencies": {
				"@tsconfig/node22": "^22.0.4",
				"@tsconfig/recommended": "^1.0.10",
				"@tsconfig/strictest": "^2.0.6",
				"@types/node": "^24.5.2"
			}
		},
		"node_modules/@tsconfig/node22": {
			"version": "22.0.4",
			"resolved": "https://registry.npmjs.org/@tsconfig/node22/-/node22-22.0.4.tgz",
			"integrity": "sha512-GI0gtqW+8Bz9UMOsOO1z3w1ebspOkVjSyeJ18r96LW82OOZenpzWXti/+f/MgPy1hqXTIRXn8QpGIOYHgKkTnQ==",
			"dev": true,
			"license": "MIT"
		},
		"node_modules/@tsconfig/recommended": {
			"version": "1.0.10",
			"resolved": "https://registry.npmjs.org/@tsconfig/recommended/-/recommended-1.0.10.tgz",
			"integrity": "sha512-cGvydvg03lONp5Z9yaplW493Vw9/um7k588mvDkm+VFPF2PZUVPx0uswq4PFpeEySsLbQRETrDRhzh4Dmxaslw==",
			"dev": true,
			"license": "MIT"
		},
		"node_modules/@tsconfig/strictest": {
			"version": "2.0.6",
			"resolved": "https://registry.npmjs.org/@tsconfig/strictest/-/strictest-2.0.6.tgz",
			"integrity": "sha512-tPOhmDhIUcDjvpDDYyiUdssP84Eqm7n5KxJe5J3/g+s6xoDIPAf+SIn06dhw7VkhxIvLOnhDDrX7tsqMHNEhDg==",
			"dev": true,
			"license": "MIT"
		},
		"node_modules/@types/node": {
			"version": "24.5.2",
			"resolved": "https://registry.npmjs.org/@types/node/-/node-24.5.2.tgz",
			"integrity": "sha512-FYxk1I7wPv3K2XBaoyH2cTnocQEu8AOZ60hPbsyukMPLv5/5qr7V1i8PLHdl6Zf87I+xZXFvPCXYjiTFq+YSDQ==",
			"dev": true,
			"license": "MIT",
			"dependencies": {
				"undici-types": "~7.12.0"
			}
		},
		"node_modules/fsevents": {
			"version": "2.3.2",
			"resolved": "https://registry.npmjs.org/fsevents/-/fsevents-2.3.2.tgz",
			"integrity": "sha512-xiqMQR4xAeHTuB9uWm+fFRcIOgKBMiOBP+eXiyT7jsgVCq1bkVygt00oASowB7EdtpOHaaPgKt812P9ab+DDKA==",
			"hasInstallScript": true,
			"license": "MIT",
			"optional": true,
			"os": [
				"darwin"
			],
			"engines": {
				"node": "^8.16.0 || ^10.6.0 || >=11.0.0"
			}
		},
		"node_modules/playwright": {
			"version": "1.55.1",
			"resolved": "https://registry.npmjs.org/playwright/-/playwright-1.55.1.tgz",
			"integrity": "sha512-cJW4Xd/G3v5ovXtJJ52MAOclqeac9S/aGGgRzLabuF8TnIb6xHvMzKIa6JmrRzUkeXJgfL1MhukP0NK6l39h3A==",
			"license": "Apache-2.0",
			"dependencies": {
				"playwright-core": "1.55.1"
			},
			"bin": {
				"playwright": "cli.js"
			},
			"engines": {
				"node": ">=18"
			},
			"optionalDependencies": {
				"fsevents": "2.3.2"
			}
		},
		"node_modules/playwright-core": {
			"version": "1.55.1",
			"resolved": "https://registry.npmjs.org/playwright-core/-/playwright-core-1.55.1.tgz",
			"integrity": "sha512-Z6Mh9mkwX+zxSlHqdr5AOcJnfp+xUWLCt9uKV18fhzA8eyxUd8NUWzAjxUh55RZKSYwDGX0cfaySdhZJGMoJ+w==",
			"license": "Apache-2.0",
			"bin": {
				"playwright-core": "cli.js"
			},
			"engines": {
				"node": ">=18"
			}
		},
		"node_modules/undici": {
			"version": "7.16.0",
			"resolved": "https://registry.npmjs.org/undici/-/undici-7.16.0.tgz",
			"integrity": "sha512-QEg3HPMll0o3t2ourKwOeUAZ159Kn9mx5pnzHRQO8+Wixmh88YdZRiIwat0iNzNNXn0yoEtXJqFpyW7eM8BV7g==",
			"license": "MIT",
			"engines": {
				"node": ">=20.18.1"
			}
		},
		"node_modules/undici-types": {
			"version": "7.12.0",
			"resolved": "https://registry.npmjs.org/undici-types/-/undici-types-7.12.0.tgz",
			"integrity": "sha512-goOacqME2GYyOZZfb5Lgtu+1IDmAlAEu5xnD3+xTzS10hT0vzpf0SPjkXwAw9Jm+4n/mQGDP3LO8CPbYROeBfQ==",
			"dev": true,
			"license": "MIT"
		}
	}
}
